
Microsoft Visual Studio Solution File, Format Version 12.00
# Visual Studio Version 17
VisualStudioVersion = 17.14.37216.2 d17.14
MinimumVisualStudioVersion = 10.0.40219.1
Project("{8BC9CEB8-8B4A-11D0-8D11-00A0C91BC942}") = "wd", "wd.vcxproj", "{9A317390-FF09-4C88-A5F2-89519E82B227}"
EndProject
Global
	GlobalSection(SolutionConfigurationPlatforms) = preSolution
		Release|x64 = Release|x64
	EndGlobalSection
	GlobalSection(ProjectConfigurationPlatforms) = postSolution
		{9A317390-FF09-4C88-A5F2-89519E82B227}.Release|x64.ActiveCfg = Release|x64
		{9A317390-FF09-4C88-A5F2-89519E82B227}.Release|x64.Build.0 = Release|x64
	EndGlobalSection
	GlobalSection(SolutionProperties) = preSolution
		HideSolutionNode = FALSE
	EndGlobalSection
	GlobalSection(ExtensibilityGlobals) = postSolution
		SolutionGuid = {0BEE2B4B-C42F-405C-9028-AB1A9C09AAD1}
	EndGlobalSection
EndGlobal
